
Microsoft Visual Studio Solution File, Format Version 12.00
# Visual Studio Version 17
VisualStudioVersion = 17.6.33815.320
MinimumVisualStudioVersion = 10.0.40219.1
Project("{FAE04EC0-301F-11D3-BF4B-00C04F79EFBC}") = "TemplateMethod_DesignPattern", "TemplateMethod_DesignPattern\TemplateMethod_DesignPattern.csproj", "{7B4F6333-513C-4937-A47F-F6F9E943BF9A}"
EndProject
Global
	GlobalSection(SolutionConfigurationPlatforms) = preSolution
		Debug|Any CPU = Debug|Any CPU
		Release|Any CPU = Release|Any CPU
	EndGlobalSection
	GlobalSection(ProjectConfigurationPlatforms) = postSolution
		{7B4F6333-513C-4937-A47F-F6F9E943BF9A}.Debug|Any CPU.ActiveCfg = Debug|Any CPU
		{7B4F6333-513C-4937-A47F-F6F9E943BF9A}.Debug|Any CPU.Build.0 = Debug|Any CPU
		{7B4F6333-513C-4937-A47F-F6F9E943BF9A}.Release|Any CPU.ActiveCfg = Release|Any CPU
		{7B4F6333-513C-4937-A47F-F6F9E943BF9A}.Release|Any CPU.Build.0 = Release|Any CPU
	EndGlobalSection
	GlobalSection(SolutionProperties) = preSolution
		HideSolutionNode = FALSE
	EndGlobalSection
	GlobalSection(ExtensibilityGlobals) = postSolution
		SolutionGuid = {01C98941-902F-42D4-9643-E37E9849CA73}
	EndGlobalSection
EndGlobal
